
Microsoft Visual Studio Solution File, Format Version 12.00
# Visual Studio 15
VisualStudioVersion = 15.0.27130.2020
MinimumVisualStudioVersion = 10.0.40219.1
Project("{FAE04EC0-301F-11D3-BF4B-00C04F79EFBC}") = "ACAD.Apparel.Notches.Tests", "ACAD.Apparel.Notches.Tests\ACAD.Apparel.Notches.Tests.csproj", "{E251D45B-21FB-413B-A913-F7E743C4BCC3}"
EndProject
Project("{FAE04EC0-301F-11D3-BF4B-00C04F79EFBC}") = "ACAD.Common.Testing", "ACAD.Common.Testing\ACAD.Common.Testing.csproj", "{4B0ECF2A-3997-451A-97C7-BFBEA1A85FF4}"
EndProject
Project("{FAE04EC0-301F-11D3-BF4B-00C04F79EFBC}") = "ACAD.Apparel.Notches", "ACAD.Apparel.Notches\ACAD.Apparel.Notches.csproj", "{5D947414-3DCE-4F02-87D4-BA21378F7C47}"
EndProject
Global
	GlobalSection(SolutionConfigurationPlatforms) = preSolution
		Debug (GUI)|Any CPU = Debug (GUI)|Any CPU
		Debug|Any CPU = Debug|Any CPU
		Release|Any CPU = Release|Any CPU
	EndGlobalSection
	GlobalSection(ProjectConfigurationPlatforms) = postSolution
		{E251D45B-21FB-413B-A913-F7E743C4BCC3}.Debug (GUI)|Any CPU.ActiveCfg = Debug (GUI)|Any CPU
		{E251D45B-21FB-413B-A913-F7E743C4BCC3}.Debug (GUI)|Any CPU.Build.0 = Debug (GUI)|Any CPU
		{E251D45B-21FB-413B-A913-F7E743C4BCC3}.Debug|Any CPU.ActiveCfg = Debug|Any CPU
		{E251D45B-21FB-413B-A913-F7E743C4BCC3}.Debug|Any CPU.Build.0 = Debug|Any CPU
		{E251D45B-21FB-413B-A913-F7E743C4BCC3}.Release|Any CPU.ActiveCfg = Release|Any CPU
		{E251D45B-21FB-413B-A913-F7E743C4BCC3}.Release|Any CPU.Build.0 = Release|Any CPU
		{4B0ECF2A-3997-451A-97C7-BFBEA1A85FF4}.Debug (GUI)|Any CPU.ActiveCfg = Debug|Any CPU
		{4B0ECF2A-3997-451A-97C7-BFBEA1A85FF4}.Debug (GUI)|Any CPU.Build.0 = Debug|Any CPU
		{4B0ECF2A-3997-451A-97C7-BFBEA1A85FF4}.Debug|Any CPU.ActiveCfg = Debug|Any CPU
		{4B0ECF2A-3997-451A-97C7-BFBEA1A85FF4}.Debug|Any CPU.Build.0 = Debug|Any CPU
		{4B0ECF2A-3997-451A-97C7-BFBEA1A85FF4}.Release|Any CPU.ActiveCfg = Release|Any CPU
		{4B0ECF2A-3997-451A-97C7-BFBEA1A85FF4}.Release|Any CPU.Build.0 = Release|Any CPU
		{5D947414-3DCE-4F02-87D4-BA21378F7C47}.Debug (GUI)|Any CPU.ActiveCfg = Debug|Any CPU
		{5D947414-3DCE-4F02-87D4-BA21378F7C47}.Debug (GUI)|Any CPU.Build.0 = Debug|Any CPU
		{5D947414-3DCE-4F02-87D4-BA21378F7C47}.Debug|Any CPU.ActiveCfg = Debug|Any CPU
		{5D947414-3DCE-4F02-87D4-BA21378F7C47}.Debug|Any CPU.Build.0 = Debug|Any CPU
		{5D947414-3DCE-4F02-87D4-BA21378F7C47}.Release|Any CPU.ActiveCfg = Release|Any CPU
		{5D947414-3DCE-4F02-87D4-BA21378F7C47}.Release|Any CPU.Build.0 = Release|Any CPU
	EndGlobalSection
	GlobalSection(SolutionProperties) = preSolution
		HideSolutionNode = FALSE
	EndGlobalSection
	GlobalSection(ExtensibilityGlobals) = postSolution
		SolutionGuid = {6AF9EF3E-550A-48A8-B957-1A984EE70242}
	EndGlobalSection
EndGlobal
